Microsoft Visual Studio Solution File, Format Version 12.00
# Visual Studio Version 17
VisualStudioVersion = 17.5.2.0
MinimumVisualStudioVersion = 10.0.40219.1
Project("{FAE04EC0-301F-11D3-BF4B-00C04F79EFBC}") = "server-api", "server-api\server-api.csproj", "{88A1C5A7-CAF6-B1C8-8F24-638B7A59446C}"
EndProject
Global
	GlobalSection(SolutionConfigurationPlatforms) = preSolution
		Debug|Any CPU = Debug|Any CPU
		Release|Any CPU = Release|Any CPU
	EndGlobalSection
	GlobalSection(ProjectConfigurationPlatforms) = postSolution
		{88A1C5A7-CAF6-B1C8-8F24-638B7A59446C}.Debug|Any CPU.ActiveCfg = Debug|Any CPU
		{88A1C5A7-CAF6-B1C8-8F24-638B7A59446C}.Debug|Any CPU.Build.0 = Debug|Any CPU
		{88A1C5A7-CAF6-B1C8-8F24-638B7A59446C}.Release|Any CPU.ActiveCfg = Release|Any CPU
		{88A1C5A7-CAF6-B1C8-8F24-638B7A59446C}.Release|Any CPU.Build.0 = Release|Any CPU
	EndGlobalSection
	GlobalSection(SolutionProperties) = preSolution
		HideSolutionNode = FALSE
	EndGlobalSection
	GlobalSection(ExtensibilityGlobals) = postSolution
		SolutionGuid = {8877214F-4F6B-4382-9069-5BF75092530D}
	EndGlobalSection
EndGlobal
